{
  "name": "xml-obj",
  "version": "1.0.1",
  "lockfileVersion": 2,
  "requires": true,
  "packages": {
    "": {
      "name": "xml-obj",
      "version": "1.0.1",
      "license": "MIT",
      "dependencies": {
        "log-report": "^1.1.3"
      }
    },
    "node_modules/log-report": {
      "version": "1.1.3",
      "resolved": "https://registry.npmjs.org/log-report/-/log-report-1.1.3.tgz",
      "integrity": "sha512-jaDDiXbX0IXVXcAUFfKMYsuspsS0N9yhfK30POQEktpWjIgSdDBieYUiPlhvELpNTx42CTqiS+LTYlrrXaLFDg=="
    }
  },
  "dependencies": {
    "log-report": {
      "version": "1.1.3",
      "resolved": "https://registry.npmjs.org/log-report/-/log-report-1.1.3.tgz",
      "integrity": "sha512-jaDDiXbX0IXVXcAUFfKMYsuspsS0N9yhfK30POQEktpWjIgSdDBieYUiPlhvELpNTx42CTqiS+LTYlrrXaLFDg=="
    }
  }
}
